
Microsoft Visual Studio Solution File, Format Version 12.00
# Visual Studio Version 17
VisualStudioVersion = 17.14.36401.2 d17.14
MinimumVisualStudioVersion = 10.0.40219.1
Project("{FAE04EC0-301F-11D3-BF4B-00C04F79EFBC}") = "ExAula7", "ExAula7\ExAula7.csproj", "{BE08CD84-A041-4005-A726-0D0A15C64102}"
EndProject
Global
	GlobalSection(SolutionConfigurationPlatforms) = preSolution
		Debug|Any CPU = Debug|Any CPU
		Release|Any CPU = Release|Any CPU
	EndGlobalSection
	GlobalSection(ProjectConfigurationPlatforms) = postSolution
		{BE08CD84-A041-4005-A726-0D0A15C64102}.Debug|Any CPU.ActiveCfg = Debug|Any CPU
		{BE08CD84-A041-4005-A726-0D0A15C64102}.Debug|Any CPU.Build.0 = Debug|Any CPU
		{BE08CD84-A041-4005-A726-0D0A15C64102}.Release|Any CPU.ActiveCfg = Release|Any CPU
		{BE08CD84-A041-4005-A726-0D0A15C64102}.Release|Any CPU.Build.0 = Release|Any CPU
	EndGlobalSection
	GlobalSection(SolutionProperties) = preSolution
		HideSolutionNode = FALSE
	EndGlobalSection
	GlobalSection(ExtensibilityGlobals) = postSolution
		SolutionGuid = {90EE27FA-A228-4E32-A9EB-F50B3C134DF1}
	EndGlobalSection
EndGlobal
