
Microsoft Visual Studio Solution File, Format Version 12.00
# Visual Studio Version 17
VisualStudioVersion = 17.14.36109.1 d17.14
MinimumVisualStudioVersion = 10.0.40219.1
Project("{FAE04EC0-301F-11D3-BF4B-00C04F79EFBC}") = "Encapsulamento", "Encapsulamento\Encapsulamento.csproj", "{6A7C5F35-3A61-4406-A9DD-074F70D7BA04}"
EndProject
Global
	GlobalSection(SolutionConfigurationPlatforms) = preSolution
		Debug|Any CPU = Debug|Any CPU
		Release|Any CPU = Release|Any CPU
	EndGlobalSection
	GlobalSection(ProjectConfigurationPlatforms) = postSolution
		{6A7C5F35-3A61-4406-A9DD-074F70D7BA04}.Debug|Any CPU.ActiveCfg = Debug|Any CPU
		{6A7C5F35-3A61-4406-A9DD-074F70D7BA04}.Debug|Any CPU.Build.0 = Debug|Any CPU
		{6A7C5F35-3A61-4406-A9DD-074F70D7BA04}.Release|Any CPU.ActiveCfg = Release|Any CPU
		{6A7C5F35-3A61-4406-A9DD-074F70D7BA04}.Release|Any CPU.Build.0 = Release|Any CPU
	EndGlobalSection
	GlobalSection(SolutionProperties) = preSolution
		HideSolutionNode = FALSE
	EndGlobalSection
	GlobalSection(ExtensibilityGlobals) = postSolution
		SolutionGuid = {F5417AA7-0233-4C71-AE1B-94890C37F08F}
	EndGlobalSection
EndGlobal
